
Microsoft Visual Studio Solution File, Format Version 12.00
# Visual Studio Version 16
VisualStudioVersion = 16.0.30320.27
MinimumVisualStudioVersion = 10.0.40219.1
Project("{FAE04EC0-301F-11D3-BF4B-00C04F79EFBC}") = "Notification", "Notification\Notification.csproj", "{6729443A-5C45-4CC8-BF35-D3C0154B14EE}"
EndProject
Project("{2150E333-8FDC-42A3-9474-1A3956D46DE8}") = "Finding Value Ex1-2", "Finding Value Ex1-2", "{DFC3465F-A08C-46B6-AB08-BFF660F560BF}"
EndProject
Project("{9A19103F-16F7-4668-BE54-9A1E7A4F7556}") = "Finding Value", "Finding Value\Finding Value.csproj", "{0D335DCE-1D07-439D-945E-C34C10E45F9B}"
EndProject
Project("{FAE04EC0-301F-11D3-BF4B-00C04F79EFBC}") = "Google Map", "Google API\Google Map.csproj", "{7A498533-241B-44DE-ACF9-660ACF82391D}"
EndProject
Global
	GlobalSection(SolutionConfigurationPlatforms) = preSolution
		Debug|Any CPU = Debug|Any CPU
		Release|Any CPU = Release|Any CPU
	EndGlobalSection
	GlobalSection(ProjectConfigurationPlatforms) = postSolution
		{6729443A-5C45-4CC8-BF35-D3C0154B14EE}.Debug|Any CPU.ActiveCfg = Debug|Any CPU
		{6729443A-5C45-4CC8-BF35-D3C0154B14EE}.Debug|Any CPU.Build.0 = Debug|Any CPU
		{6729443A-5C45-4CC8-BF35-D3C0154B14EE}.Release|Any CPU.ActiveCfg = Release|Any CPU
		{6729443A-5C45-4CC8-BF35-D3C0154B14EE}.Release|Any CPU.Build.0 = Release|Any CPU
		{0D335DCE-1D07-439D-945E-C34C10E45F9B}.Debug|Any CPU.ActiveCfg = Debug|Any CPU
		{0D335DCE-1D07-439D-945E-C34C10E45F9B}.Debug|Any CPU.Build.0 = Debug|Any CPU
		{0D335DCE-1D07-439D-945E-C34C10E45F9B}.Release|Any CPU.ActiveCfg = Release|Any CPU
		{0D335DCE-1D07-439D-945E-C34C10E45F9B}.Release|Any CPU.Build.0 = Release|Any CPU
		{7A498533-241B-44DE-ACF9-660ACF82391D}.Debug|Any CPU.ActiveCfg = Debug|Any CPU
		{7A498533-241B-44DE-ACF9-660ACF82391D}.Debug|Any CPU.Build.0 = Debug|Any CPU
		{7A498533-241B-44DE-ACF9-660ACF82391D}.Release|Any CPU.ActiveCfg = Release|Any CPU
		{7A498533-241B-44DE-ACF9-660ACF82391D}.Release|Any CPU.Build.0 = Release|Any CPU
	EndGlobalSection
	GlobalSection(SolutionProperties) = preSolution
		HideSolutionNode = FALSE
	EndGlobalSection
	GlobalSection(NestedProjects) = preSolution
		{0D335DCE-1D07-439D-945E-C34C10E45F9B} = {DFC3465F-A08C-46B6-AB08-BFF660F560BF}
	EndGlobalSection
	GlobalSection(ExtensibilityGlobals) = postSolution
		SolutionGuid = {60B65934-6476-4EB4-9829-45994E86891D}
	EndGlobalSection
EndGlobal
